
Microsoft Visual Studio Solution File, Format Version 12.00
# Visual Studio 15
VisualStudioVersion = 15.0.27004.2008
MinimumVisualStudioVersion = 10.0.40219.1
Project("{888888A0-9F3D-457C-B088-3A5042F75D52}") = "clef20171", "clef20171.pyproj", "{E7AE998E-ACE8-4132-80D6-144DD2C763D1}"
EndProject
Global
	GlobalSection(SolutionConfigurationPlatforms) = preSolution
		Debug|Any CPU = Debug|Any CPU
		Release|Any CPU = Release|Any CPU
	EndGlobalSection
	GlobalSection(ProjectConfigurationPlatforms) = postSolution
		{E7AE998E-ACE8-4132-80D6-144DD2C763D1}.Debug|Any CPU.ActiveCfg = Debug|Any CPU
		{E7AE998E-ACE8-4132-80D6-144DD2C763D1}.Release|Any CPU.ActiveCfg = Release|Any CPU
	EndGlobalSection
	GlobalSection(SolutionProperties) = preSolution
		HideSolutionNode = FALSE
	EndGlobalSection
	GlobalSection(ExtensibilityGlobals) = postSolution
		SolutionGuid = {5386DF19-A882-41BD-9302-C12DB256626B}
	EndGlobalSection
EndGlobal
